
Microsoft Visual Studio Solution File, Format Version 12.00
# Visual Studio Version 17
VisualStudioVersion = 17.10.35122.118
MinimumVisualStudioVersion = 10.0.40219.1
Project("{9A19103F-16F7-4668-BE54-9A1E7A4F7556}") = "NervanaNcMgd", "src\NervanaNcMgd\NervanaNcMgd.csproj", "{32AF2C7F-B4C9-4CD4-AFDA-821700420E64}"
EndProject
Project("{9A19103F-16F7-4668-BE54-9A1E7A4F7556}") = "NervanaCommonMgd", "src\NervanaCommonMgd\NervanaCommonMgd.csproj", "{E1C8EEE3-19F4-482C-A708-EC7E877BE813}"
EndProject
Project("{9A19103F-16F7-4668-BE54-9A1E7A4F7556}") = "NervanaNcComMgd", "src\NervanaNcComMgd\NervanaNcComMgd.csproj", "{05168AC5-5500-4C18-BA4C-9C956BF89A60}"
EndProject
Project("{9A19103F-16F7-4668-BE54-9A1E7A4F7556}") = "NervanaNcBIMsMgd", "src\NervanaNcBIMsMgd\NervanaNcBIMsMgd.csproj", "{37FA8ABD-D420-4C8C-A92E-38B45535677D}"
EndProject
Project("{9A19103F-16F7-4668-BE54-9A1E7A4F7556}") = "NervanaCADLibLibraryMgd", "src\NervanaCADLibLibraryMgd\NervanaCADLibLibraryMgd.csproj", "{77CC6048-8DB5-45BA-9CD5-A1CEA4469706}"
EndProject
Global
	GlobalSection(SolutionConfigurationPlatforms) = preSolution
		Debug|Any CPU = Debug|Any CPU
		Debug|x64 = Debug|x64
		Release|Any CPU = Release|Any CPU
		Release|x64 = Release|x64
	EndGlobalSection
	GlobalSection(ProjectConfigurationPlatforms) = postSolution
		{32AF2C7F-B4C9-4CD4-AFDA-821700420E64}.Debug|Any CPU.ActiveCfg = Debug|x64
		{32AF2C7F-B4C9-4CD4-AFDA-821700420E64}.Debug|Any CPU.Build.0 = Debug|x64
		{32AF2C7F-B4C9-4CD4-AFDA-821700420E64}.Debug|x64.ActiveCfg = Debug|x64
		{32AF2C7F-B4C9-4CD4-AFDA-821700420E64}.Debug|x64.Build.0 = Debug|x64
		{32AF2C7F-B4C9-4CD4-AFDA-821700420E64}.Release|Any CPU.ActiveCfg = Release|x64
		{32AF2C7F-B4C9-4CD4-AFDA-821700420E64}.Release|Any CPU.Build.0 = Release|x64
		{32AF2C7F-B4C9-4CD4-AFDA-821700420E64}.Release|x64.ActiveCfg = Release|x64
		{32AF2C7F-B4C9-4CD4-AFDA-821700420E64}.Release|x64.Build.0 = Release|x64
		{E1C8EEE3-19F4-482C-A708-EC7E877BE813}.Debug|Any CPU.ActiveCfg = Debug|x64
		{E1C8EEE3-19F4-482C-A708-EC7E877BE813}.Debug|Any CPU.Build.0 = Debug|x64
		{E1C8EEE3-19F4-482C-A708-EC7E877BE813}.Debug|x64.ActiveCfg = Debug|x64
		{E1C8EEE3-19F4-482C-A708-EC7E877BE813}.Debug|x64.Build.0 = Debug|x64
		{E1C8EEE3-19F4-482C-A708-EC7E877BE813}.Release|Any CPU.ActiveCfg = Release|x64
		{E1C8EEE3-19F4-482C-A708-EC7E877BE813}.Release|Any CPU.Build.0 = Release|x64
		{E1C8EEE3-19F4-482C-A708-EC7E877BE813}.Release|x64.ActiveCfg = Release|x64
		{E1C8EEE3-19F4-482C-A708-EC7E877BE813}.Release|x64.Build.0 = Release|x64
		{05168AC5-5500-4C18-BA4C-9C956BF89A60}.Debug|Any CPU.ActiveCfg = Debug|x64
		{05168AC5-5500-4C18-BA4C-9C956BF89A60}.Debug|Any CPU.Build.0 = Debug|x64
		{05168AC5-5500-4C18-BA4C-9C956BF89A60}.Debug|x64.ActiveCfg = Debug|x64
		{05168AC5-5500-4C18-BA4C-9C956BF89A60}.Debug|x64.Build.0 = Debug|x64
		{05168AC5-5500-4C18-BA4C-9C956BF89A60}.Release|Any CPU.ActiveCfg = Release|x64
		{05168AC5-5500-4C18-BA4C-9C956BF89A60}.Release|Any CPU.Build.0 = Release|x64
		{05168AC5-5500-4C18-BA4C-9C956BF89A60}.Release|x64.ActiveCfg = Release|x64
		{05168AC5-5500-4C18-BA4C-9C956BF89A60}.Release|x64.Build.0 = Release|x64
		{37FA8ABD-D420-4C8C-A92E-38B45535677D}.Debug|Any CPU.ActiveCfg = Debug|x64
		{37FA8ABD-D420-4C8C-A92E-38B45535677D}.Debug|Any CPU.Build.0 = Debug|x64
		{37FA8ABD-D420-4C8C-A92E-38B45535677D}.Debug|x64.ActiveCfg = Debug|x64
		{37FA8ABD-D420-4C8C-A92E-38B45535677D}.Debug|x64.Build.0 = Debug|x64
		{37FA8ABD-D420-4C8C-A92E-38B45535677D}.Release|Any CPU.ActiveCfg = Release|x64
		{37FA8ABD-D420-4C8C-A92E-38B45535677D}.Release|Any CPU.Build.0 = Release|x64
		{37FA8ABD-D420-4C8C-A92E-38B45535677D}.Release|x64.ActiveCfg = Release|x64
		{37FA8ABD-D420-4C8C-A92E-38B45535677D}.Release|x64.Build.0 = Release|x64
		{77CC6048-8DB5-45BA-9CD5-A1CEA4469706}.Debug|Any CPU.ActiveCfg = Debug|x64
		{77CC6048-8DB5-45BA-9CD5-A1CEA4469706}.Debug|Any CPU.Build.0 = Debug|x64
		{77CC6048-8DB5-45BA-9CD5-A1CEA4469706}.Debug|x64.ActiveCfg = Debug|x64
		{77CC6048-8DB5-45BA-9CD5-A1CEA4469706}.Debug|x64.Build.0 = Debug|x64
		{77CC6048-8DB5-45BA-9CD5-A1CEA4469706}.Release|Any CPU.ActiveCfg = Release|x64
		{77CC6048-8DB5-45BA-9CD5-A1CEA4469706}.Release|Any CPU.Build.0 = Release|x64
		{77CC6048-8DB5-45BA-9CD5-A1CEA4469706}.Release|x64.ActiveCfg = Release|x64
		{77CC6048-8DB5-45BA-9CD5-A1CEA4469706}.Release|x64.Build.0 = Release|x64
	EndGlobalSection
	GlobalSection(SolutionProperties) = preSolution
		HideSolutionNode = FALSE
	EndGlobalSection
	GlobalSection(ExtensibilityGlobals) = postSolution
		SolutionGuid = {37C01D9C-20A2-4973-A516-5ED29A248977}
	EndGlobalSection
EndGlobal
